
Microsoft Visual Studio Solution File, Format Version 12.00
# Visual Studio Version 17
VisualStudioVersion = 17.9.34622.214
MinimumVisualStudioVersion = 10.0.40219.1
Project("{FAE04EC0-301F-11D3-BF4B-00C04F79EFBC}") = "Lab05Libb", "Lab05Libb\Lab05Libb.csproj", "{64EF9E48-519C-4F2B-808A-444B81AAB8BA}"
EndProject
Global
	GlobalSection(SolutionConfigurationPlatforms) = preSolution
		Debug|Any CPU = Debug|Any CPU
		Release|Any CPU = Release|Any CPU
	EndGlobalSection
	GlobalSection(ProjectConfigurationPlatforms) = postSolution
		{64EF9E48-519C-4F2B-808A-444B81AAB8BA}.Debug|Any CPU.ActiveCfg = Debug|Any CPU
		{64EF9E48-519C-4F2B-808A-444B81AAB8BA}.Debug|Any CPU.Build.0 = Debug|Any CPU
		{64EF9E48-519C-4F2B-808A-444B81AAB8BA}.Release|Any CPU.ActiveCfg = Release|Any CPU
		{64EF9E48-519C-4F2B-808A-444B81AAB8BA}.Release|Any CPU.Build.0 = Release|Any CPU
	EndGlobalSection
	GlobalSection(SolutionProperties) = preSolution
		HideSolutionNode = FALSE
	EndGlobalSection
	GlobalSection(ExtensibilityGlobals) = postSolution
		SolutionGuid = {3E2C51C9-F8C5-4694-9152-3FCF1230B5B7}
	EndGlobalSection
EndGlobal
